
Microsoft Visual Studio Solution File, Format Version 12.00
# Visual Studio 15
VisualStudioVersion = 15.0.28010.2016
MinimumVisualStudioVersion = 10.0.40219.1
Project("{FAE04EC0-301F-11D3-BF4B-00C04F79EFBC}") = "Sales.Android", "Sales\Sales.Android\Sales.Android.csproj", "{BF77E17C-F771-4C85-841A-BA52C3344AB5}"
EndProject
Project("{FAE04EC0-301F-11D3-BF4B-00C04F79EFBC}") = "Sales.iOS", "Sales\Sales.iOS\Sales.iOS.csproj", "{B348E4D9-F4E0-4604-BB72-53455CD5669D}"
EndProject
Project("{FAE04EC0-301F-11D3-BF4B-00C04F79EFBC}") = "Sales", "Sales\Sales\Sales.csproj", "{30BB2D24-B259-45BD-92A9-FCB835B169DA}"
EndProject
Global
	GlobalSection(SolutionConfigurationPlatforms) = preSolution
		Ad-Hoc|Any CPU = Ad-Hoc|Any CPU
		Ad-Hoc|iPhone = Ad-Hoc|iPhone
		Ad-Hoc|iPhoneSimulator = Ad-Hoc|iPhoneSimulator
		AppStore|Any CPU = AppStore|Any CPU
		AppStore|iPhone = AppStore|iPhone
		AppStore|iPhoneSimulator = AppStore|iPhoneSimulator
		Debug|Any CPU = Debug|Any CPU
		Debug|iPhone = Debug|iPhone
		Debug|iPhoneSimulator = Debug|iPhoneSimulator
		Release|Any CPU = Release|Any CPU
		Release|iPhone = Release|iPhone
		Release|iPhoneSimulator = Release|iPhoneSimulator
	EndGlobalSection
	GlobalSection(ProjectConfigurationPlatforms) = postSolution
		{BF77E17C-F771-4C85-841A-BA52C3344AB5}.Ad-Hoc|Any CPU.ActiveCfg = Release|Any CPU
		{BF77E17C-F771-4C85-841A-BA52C3344AB5}.Ad-Hoc|Any CPU.Build.0 = Release|Any CPU
		{BF77E17C-F771-4C85-841A-BA52C3344AB5}.Ad-Hoc|Any CPU.Deploy.0 = Release|Any CPU
		{BF77E17C-F771-4C85-841A-BA52C3344AB5}.Ad-Hoc|iPhone.ActiveCfg = Release|Any CPU
		{BF77E17C-F771-4C85-841A-BA52C3344AB5}.Ad-Hoc|iPhone.Build.0 = Release|Any CPU
		{BF77E17C-F771-4C85-841A-BA52C3344AB5}.Ad-Hoc|iPhone.Deploy.0 = Release|Any CPU
		{BF77E17C-F771-4C85-841A-BA52C3344AB5}.Ad-Hoc|iPhoneSimulator.ActiveCfg = Release|Any CPU
		{BF77E17C-F771-4C85-841A-BA52C3344AB5}.Ad-Hoc|iPhoneSimulator.Build.0 = Release|Any CPU
		{BF77E17C-F771-4C85-841A-BA52C3344AB5}.Ad-Hoc|iPhoneSimulator.Deploy.0 = Release|Any CPU
		{BF77E17C-F771-4C85-841A-BA52C3344AB5}.AppStore|Any CPU.ActiveCfg = Release|Any CPU
		{BF77E17C-F771-4C85-841A-BA52C3344AB5}.AppStore|Any CPU.Build.0 = Release|Any CPU
		{BF77E17C-F771-4C85-841A-BA52C3344AB5}.AppStore|Any CPU.Deploy.0 = Release|Any CPU
		{BF77E17C-F771-4C85-841A-BA52C3344AB5}.AppStore|iPhone.ActiveCfg = Release|Any CPU
		{BF77E17C-F771-4C85-841A-BA52C3344AB5}.AppStore|iPhone.Build.0 = Release|Any CPU
		{BF77E17C-F771-4C85-841A-BA52C3344AB5}.AppStore|iPhone.Deploy.0 = Release|Any CPU
		{BF77E17C-F771-4C85-841A-BA52C3344AB5}.AppStore|iPhoneSimulator.ActiveCfg = Release|Any CPU
		{BF77E17C-F771-4C85-841A-BA52C3344AB5}.AppStore|iPhoneSimulator.Build.0 = Release|Any CPU
		{BF77E17C-F771-4C85-841A-BA52C3344AB5}.AppStore|iPhoneSimulator.Deploy.0 = Release|Any CPU
		{BF77E17C-F771-4C85-841A-BA52C3344AB5}.Debug|Any CPU.ActiveCfg = Debug|Any CPU
		{BF77E17C-F771-4C85-841A-BA52C3344AB5}.Debug|Any CPU.Build.0 = Debug|Any CPU
		{BF77E17C-F771-4C85-841A-BA52C3344AB5}.Debug|Any CPU.Deploy.0 = Debug|Any CPU
		{BF77E17C-F771-4C85-841A-BA52C3344AB5}.Debug|iPhone.ActiveCfg = Debug|Any CPU
		{BF77E17C-F771-4C85-841A-BA52C3344AB5}.Debug|iPhone.Build.0 = Debug|Any CPU
		{BF77E17C-F771-4C85-841A-BA52C3344AB5}.Debug|iPhone.Deploy.0 = Debug|Any CPU
		{BF77E17C-F771-4C85-841A-BA52C3344AB5}.Debug|iPhoneSimulator.ActiveCfg = Debug|Any CPU
		{BF77E17C-F771-4C85-841A-BA52C3344AB5}.Debug|iPhoneSimulator.Build.0 = Debug|Any CPU
		{BF77E17C-F771-4C85-841A-BA52C3344AB5}.Debug|iPhoneSimulator.Deploy.0 = Debug|Any CPU
		{BF77E17C-F771-4C85-841A-BA52C3344AB5}.Release|Any CPU.ActiveCfg = Release|Any CPU
		{BF77E17C-F771-4C85-841A-BA52C3344AB5}.Release|Any CPU.Build.0 = Release|Any CPU
		{BF77E17C-F771-4C85-841A-BA52C3344AB5}.Release|Any CPU.Deploy.0 = Release|Any CPU
		{BF77E17C-F771-4C85-841A-BA52C3344AB5}.Release|iPhone.ActiveCfg = Release|Any CPU
		{BF77E17C-F771-4C85-841A-BA52C3344AB5}.Release|iPhone.Build.0 = Release|Any CPU
		{BF77E17C-F771-4C85-841A-BA52C3344AB5}.Release|iPhone.Deploy.0 = Release|Any CPU
		{BF77E17C-F771-4C85-841A-BA52C3344AB5}.Release|iPhoneSimulator.ActiveCfg = Release|Any CPU
		{BF77E17C-F771-4C85-841A-BA52C3344AB5}.Release|iPhoneSimulator.Build.0 = Release|Any CPU
		{BF77E17C-F771-4C85-841A-BA52C3344AB5}.Release|iPhoneSimulator.Deploy.0 = Release|Any CPU
		{B348E4D9-F4E0-4604-BB72-53455CD5669D}.Ad-Hoc|Any CPU.ActiveCfg = Ad-Hoc|iPhone
		{B348E4D9-F4E0-4604-BB72-53455CD5669D}.Ad-Hoc|Any CPU.Build.0 = Ad-Hoc|iPhone
		{B348E4D9-F4E0-4604-BB72-53455CD5669D}.Ad-Hoc|Any CPU.Deploy.0 = Ad-Hoc|iPhone
		{B348E4D9-F4E0-4604-BB72-53455CD5669D}.Ad-Hoc|iPhone.ActiveCfg = Ad-Hoc|iPhone
		{B348E4D9-F4E0-4604-BB72-53455CD5669D}.Ad-Hoc|iPhone.Build.0 = Ad-Hoc|iPhone
		{B348E4D9-F4E0-4604-BB72-53455CD5669D}.Ad-Hoc|iPhone.Deploy.0 = Ad-Hoc|iPhone
		{B348E4D9-F4E0-4604-BB72-53455CD5669D}.Ad-Hoc|iPhoneSimulator.ActiveCfg = Ad-Hoc|iPhoneSimulator
		{B348E4D9-F4E0-4604-BB72-53455CD5669D}.Ad-Hoc|iPhoneSimulator.Build.0 = Ad-Hoc|iPhoneSimulator
		{B348E4D9-F4E0-4604-BB72-53455CD5669D}.Ad-Hoc|iPhoneSimulator.Deploy.0 = Ad-Hoc|iPhoneSimulator
		{B348E4D9-F4E0-4604-BB72-53455CD5669D}.AppStore|Any CPU.ActiveCfg = AppStore|iPhone
		{B348E4D9-F4E0-4604-BB72-53455CD5669D}.AppStore|Any CPU.Build.0 = AppStore|iPhone
		{B348E4D9-F4E0-4604-BB72-53455CD5669D}.AppStore|Any CPU.Deploy.0 = AppStore|iPhone
		{B348E4D9-F4E0-4604-BB72-53455CD5669D}.AppStore|iPhone.ActiveCfg = AppStore|iPhone
		{B348E4D9-F4E0-4604-BB72-53455CD5669D}.AppStore|iPhone.Build.0 = AppStore|iPhone
		{B348E4D9-F4E0-4604-BB72-53455CD5669D}.AppStore|iPhone.Deploy.0 = AppStore|iPhone
		{B348E4D9-F4E0-4604-BB72-53455CD5669D}.AppStore|iPhoneSimulator.ActiveCfg = AppStore|iPhoneSimulator
		{B348E4D9-F4E0-4604-BB72-53455CD5669D}.AppStore|iPhoneSimulator.Build.0 = AppStore|iPhoneSimulator
		{B348E4D9-F4E0-4604-BB72-53455CD5669D}.AppStore|iPhoneSimulator.Deploy.0 = AppStore|iPhoneSimulator
		{B348E4D9-F4E0-4604-BB72-53455CD5669D}.Debug|Any CPU.ActiveCfg = Debug|iPhoneSimulator
		{B348E4D9-F4E0-4604-BB72-53455CD5669D}.Debug|Any CPU.Build.0 = Debug|iPhoneSimulator
		{B348E4D9-F4E0-4604-BB72-53455CD5669D}.Debug|Any CPU.Deploy.0 = Debug|iPhoneSimulator
		{B348E4D9-F4E0-4604-BB72-53455CD5669D}.Debug|iPhone.ActiveCfg = Debug|iPhone
		{B348E4D9-F4E0-4604-BB72-53455CD5669D}.Debug|iPhone.Build.0 = Debug|iPhone
		{B348E4D9-F4E0-4604-BB72-53455CD5669D}.Debug|iPhone.Deploy.0 = Debug|iPhone
		{B348E4D9-F4E0-4604-BB72-53455CD5669D}.Debug|iPhoneSimulator.ActiveCfg = Debug|iPhoneSimulator
		{B348E4D9-F4E0-4604-BB72-53455CD5669D}.Debug|iPhoneSimulator.Build.0 = Debug|iPhoneSimulator
		{B348E4D9-F4E0-4604-BB72-53455CD5669D}.Debug|iPhoneSimulator.Deploy.0 = Debug|iPhoneSimulator
		{B348E4D9-F4E0-4604-BB72-53455CD5669D}.Release|Any CPU.ActiveCfg = Release|iPhone
		{B348E4D9-F4E0-4604-BB72-53455CD5669D}.Release|Any CPU.Build.0 = Release|iPhone
		{B348E4D9-F4E0-4604-BB72-53455CD5669D}.Release|Any CPU.Deploy.0 = Release|iPhone
		{B348E4D9-F4E0-4604-BB72-53455CD5669D}.Release|iPhone.ActiveCfg = Release|iPhone
		{B348E4D9-F4E0-4604-BB72-53455CD5669D}.Release|iPhone.Build.0 = Release|iPhone
		{B348E4D9-F4E0-4604-BB72-53455CD5669D}.Release|iPhone.Deploy.0 = Release|iPhone
		{B348E4D9-F4E0-4604-BB72-53455CD5669D}.Release|iPhoneSimulator.ActiveCfg = Release|iPhoneSimulator
		{B348E4D9-F4E0-4604-BB72-53455CD5669D}.Release|iPhoneSimulator.Build.0 = Release|iPhoneSimulator
		{B348E4D9-F4E0-4604-BB72-53455CD5669D}.Release|iPhoneSimulator.Deploy.0 = Release|iPhoneSimulator
		{30BB2D24-B259-45BD-92A9-FCB835B169DA}.Ad-Hoc|Any CPU.ActiveCfg = Debug|Any CPU
		{30BB2D24-B259-45BD-92A9-FCB835B169DA}.Ad-Hoc|Any CPU.Build.0 = Debug|Any CPU
		{30BB2D24-B259-45BD-92A9-FCB835B169DA}.Ad-Hoc|Any CPU.Deploy.0 = Debug|Any CPU
		{30BB2D24-B259-45BD-92A9-FCB835B169DA}.Ad-Hoc|iPhone.ActiveCfg = Debug|Any CPU
		{30BB2D24-B259-45BD-92A9-FCB835B169DA}.Ad-Hoc|iPhone.Build.0 = Debug|Any CPU
		{30BB2D24-B259-45BD-92A9-FCB835B169DA}.Ad-Hoc|iPhone.Deploy.0 = Debug|Any CPU
		{30BB2D24-B259-45BD-92A9-FCB835B169DA}.Ad-Hoc|iPhoneSimulator.ActiveCfg = Debug|Any CPU
		{30BB2D24-B259-45BD-92A9-FCB835B169DA}.Ad-Hoc|iPhoneSimulator.Build.0 = Debug|Any CPU
		{30BB2D24-B259-45BD-92A9-FCB835B169DA}.Ad-Hoc|iPhoneSimulator.Deploy.0 = Debug|Any CPU
		{30BB2D24-B259-45BD-92A9-FCB835B169DA}.AppStore|Any CPU.ActiveCfg = Debug|Any CPU
		{30BB2D24-B259-45BD-92A9-FCB835B169DA}.AppStore|Any CPU.Build.0 = Debug|Any CPU
		{30BB2D24-B259-45BD-92A9-FCB835B169DA}.AppStore|Any CPU.Deploy.0 = Debug|Any CPU
		{30BB2D24-B259-45BD-92A9-FCB835B169DA}.AppStore|iPhone.ActiveCfg = Debug|Any CPU
		{30BB2D24-B259-45BD-92A9-FCB835B169DA}.AppStore|iPhone.Build.0 = Debug|Any CPU
		{30BB2D24-B259-45BD-92A9-FCB835B169DA}.AppStore|iPhone.Deploy.0 = Debug|Any CPU
		{30BB2D24-B259-45BD-92A9-FCB835B169DA}.AppStore|iPhoneSimulator.ActiveCfg = Debug|Any CPU
		{30BB2D24-B259-45BD-92A9-FCB835B169DA}.AppStore|iPhoneSimulator.Build.0 = Debug|Any CPU
		{30BB2D24-B259-45BD-92A9-FCB835B169DA}.AppStore|iPhoneSimulator.Deploy.0 = Debug|Any CPU
		{30BB2D24-B259-45BD-92A9-FCB835B169DA}.Debug|Any CPU.ActiveCfg = Debug|Any CPU
		{30BB2D24-B259-45BD-92A9-FCB835B169DA}.Debug|Any CPU.Build.0 = Debug|Any CPU
		{30BB2D24-B259-45BD-92A9-FCB835B169DA}.Debug|Any CPU.Deploy.0 = Debug|Any CPU
		{30BB2D24-B259-45BD-92A9-FCB835B169DA}.Debug|iPhone.ActiveCfg = Debug|Any CPU
		{30BB2D24-B259-45BD-92A9-FCB835B169DA}.Debug|iPhone.Build.0 = Debug|Any CPU
		{30BB2D24-B259-45BD-92A9-FCB835B169DA}.Debug|iPhone.Deploy.0 = Debug|Any CPU
		{30BB2D24-B259-45BD-92A9-FCB835B169DA}.Debug|iPhoneSimulator.ActiveCfg = Debug|Any CPU
		{30BB2D24-B259-45BD-92A9-FCB835B169DA}.Debug|iPhoneSimulator.Build.0 = Debug|Any CPU
		{30BB2D24-B259-45BD-92A9-FCB835B169DA}.Debug|iPhoneSimulator.Deploy.0 = Debug|Any CPU
		{30BB2D24-B259-45BD-92A9-FCB835B169DA}.Release|Any CPU.ActiveCfg = Release|Any CPU
		{30BB2D24-B259-45BD-92A9-FCB835B169DA}.Release|Any CPU.Build.0 = Release|Any CPU
		{30BB2D24-B259-45BD-92A9-FCB835B169DA}.Release|Any CPU.Deploy.0 = Release|Any CPU
		{30BB2D24-B259-45BD-92A9-FCB835B169DA}.Release|iPhone.ActiveCfg = Release|Any CPU
		{30BB2D24-B259-45BD-92A9-FCB835B169DA}.Release|iPhone.Build.0 = Release|Any CPU
		{30BB2D24-B259-45BD-92A9-FCB835B169DA}.Release|iPhone.Deploy.0 = Release|Any CPU
		{30BB2D24-B259-45BD-92A9-FCB835B169DA}.Release|iPhoneSimulator.ActiveCfg = Release|Any CPU
		{30BB2D24-B259-45BD-92A9-FCB835B169DA}.Release|iPhoneSimulator.Build.0 = Release|Any CPU
		{30BB2D24-B259-45BD-92A9-FCB835B169DA}.Release|iPhoneSimulator.Deploy.0 = Release|Any CPU
	EndGlobalSection
	GlobalSection(SolutionProperties) = preSolution
		HideSolutionNode = FALSE
	EndGlobalSection
	GlobalSection(ExtensibilityGlobals) = postSolution
		SolutionGuid = {0EEA48AE-F033-4FB3-B4DC-5956FD40ED73}
	EndGlobalSection
EndGlobal
